
Microsoft Visual Studio Solution File, Format Version 12.00
# Visual Studio Version 17
VisualStudioVersion = 17.3.32929.385
MinimumVisualStudioVersion = 10.0.40219.1
Project("{9A19103F-16F7-4668-BE54-9A1E7A4F7556}") = "BlazorCine.Server", "BlazorCine\Server\BlazorCine.Server.csproj", "{F0F579A2-9AAB-47A6-811E-D9E872E6D52B}"
EndProject
Project("{9A19103F-16F7-4668-BE54-9A1E7A4F7556}") = "BlazorCine.Client", "BlazorCine\Client\BlazorCine.Client.csproj", "{053BD092-27C7-48E9-9F52-D2F465F88AF9}"
EndProject
Project("{9A19103F-16F7-4668-BE54-9A1E7A4F7556}") = "BlazorCine.Shared", "BlazorCine\Shared\BlazorCine.Shared.csproj", "{B2607BA3-6654-4081-BF3C-5BA463BE3FD8}"
EndProject
Global
	GlobalSection(SolutionConfigurationPlatforms) = preSolution
		Debug|Any CPU = Debug|Any CPU
		Release|Any CPU = Release|Any CPU
	EndGlobalSection
	GlobalSection(ProjectConfigurationPlatforms) = postSolution
		{F0F579A2-9AAB-47A6-811E-D9E872E6D52B}.Debug|Any CPU.ActiveCfg = Debug|Any CPU
		{F0F579A2-9AAB-47A6-811E-D9E872E6D52B}.Debug|Any CPU.Build.0 = Debug|Any CPU
		{F0F579A2-9AAB-47A6-811E-D9E872E6D52B}.Release|Any CPU.ActiveCfg = Release|Any CPU
		{F0F579A2-9AAB-47A6-811E-D9E872E6D52B}.Release|Any CPU.Build.0 = Release|Any CPU
		{053BD092-27C7-48E9-9F52-D2F465F88AF9}.Debug|Any CPU.ActiveCfg = Debug|Any CPU
		{053BD092-27C7-48E9-9F52-D2F465F88AF9}.Debug|Any CPU.Build.0 = Debug|Any CPU
		{053BD092-27C7-48E9-9F52-D2F465F88AF9}.Release|Any CPU.ActiveCfg = Release|Any CPU
		{053BD092-27C7-48E9-9F52-D2F465F88AF9}.Release|Any CPU.Build.0 = Release|Any CPU
		{B2607BA3-6654-4081-BF3C-5BA463BE3FD8}.Debug|Any CPU.ActiveCfg = Debug|Any CPU
		{B2607BA3-6654-4081-BF3C-5BA463BE3FD8}.Debug|Any CPU.Build.0 = Debug|Any CPU
		{B2607BA3-6654-4081-BF3C-5BA463BE3FD8}.Release|Any CPU.ActiveCfg = Release|Any CPU
		{B2607BA3-6654-4081-BF3C-5BA463BE3FD8}.Release|Any CPU.Build.0 = Release|Any CPU
	EndGlobalSection
	GlobalSection(SolutionProperties) = preSolution
		HideSolutionNode = FALSE
	EndGlobalSection
	GlobalSection(ExtensibilityGlobals) = postSolution
		SolutionGuid = {AB943389-6542-49F9-BBA5-51EB814CC289}
	EndGlobalSection
EndGlobal
